
Microsoft Visual Studio Solution File, Format Version 12.00
# Visual Studio Version 16
VisualStudioVersion = 16.0.29215.179
MinimumVisualStudioVersion = 10.0.40219.1
Project("{FAE04EC0-301F-11D3-BF4B-00C04F79EFBC}") = "DungeonCrawlerGame", "DungeonCrawlerGame.csproj", "{9ACEB240-9D0C-488B-A931-9AC345BC165E}"
EndProject
Project("{FAE04EC0-301F-11D3-BF4B-00C04F79EFBC}") = "DungeonCrawlerGame.Presentation", "..\DungeonCrawlerGame.Presentation\DungeonCrawlerGame.Presentation.csproj", "{2DD8AA01-41A7-49FF-B818-E264B5CD2E2B}"
EndProject
Project("{FAE04EC0-301F-11D3-BF4B-00C04F79EFBC}") = "DungeonCrawlerGame.Domain", "..\DungeonCrawlerGame.Domain\DungeonCrawlerGame.Domain.csproj", "{9AF2153C-073B-43CF-9DBC-1F8A168BDFD7}"
EndProject
Project("{FAE04EC0-301F-11D3-BF4B-00C04F79EFBC}") = "DungeonCrawlerGame.Data", "..\DungeonCrawlerGame.Data\DungeonCrawlerGame.Data.csproj", "{305AA024-BF56-4BD2-BFE0-3145414B3E8D}"
EndProject
Global
	GlobalSection(SolutionConfigurationPlatforms) = preSolution
		Debug|Any CPU = Debug|Any CPU
		Release|Any CPU = Release|Any CPU
	EndGlobalSection
	GlobalSection(ProjectConfigurationPlatforms) = postSolution
		{9ACEB240-9D0C-488B-A931-9AC345BC165E}.Debug|Any CPU.ActiveCfg = Debug|Any CPU
		{9ACEB240-9D0C-488B-A931-9AC345BC165E}.Debug|Any CPU.Build.0 = Debug|Any CPU
		{9ACEB240-9D0C-488B-A931-9AC345BC165E}.Release|Any CPU.ActiveCfg = Release|Any CPU
		{9ACEB240-9D0C-488B-A931-9AC345BC165E}.Release|Any CPU.Build.0 = Release|Any CPU
		{2DD8AA01-41A7-49FF-B818-E264B5CD2E2B}.Debug|Any CPU.ActiveCfg = Debug|Any CPU
		{2DD8AA01-41A7-49FF-B818-E264B5CD2E2B}.Debug|Any CPU.Build.0 = Debug|Any CPU
		{2DD8AA01-41A7-49FF-B818-E264B5CD2E2B}.Release|Any CPU.ActiveCfg = Release|Any CPU
		{2DD8AA01-41A7-49FF-B818-E264B5CD2E2B}.Release|Any CPU.Build.0 = Release|Any CPU
		{9AF2153C-073B-43CF-9DBC-1F8A168BDFD7}.Debug|Any CPU.ActiveCfg = Debug|Any CPU
		{9AF2153C-073B-43CF-9DBC-1F8A168BDFD7}.Debug|Any CPU.Build.0 = Debug|Any CPU
		{9AF2153C-073B-43CF-9DBC-1F8A168BDFD7}.Release|Any CPU.ActiveCfg = Release|Any CPU
		{9AF2153C-073B-43CF-9DBC-1F8A168BDFD7}.Release|Any CPU.Build.0 = Release|Any CPU
		{305AA024-BF56-4BD2-BFE0-3145414B3E8D}.Debug|Any CPU.ActiveCfg = Debug|Any CPU
		{305AA024-BF56-4BD2-BFE0-3145414B3E8D}.Debug|Any CPU.Build.0 = Debug|Any CPU
		{305AA024-BF56-4BD2-BFE0-3145414B3E8D}.Release|Any CPU.ActiveCfg = Release|Any CPU
		{305AA024-BF56-4BD2-BFE0-3145414B3E8D}.Release|Any CPU.Build.0 = Release|Any CPU
	EndGlobalSection
	GlobalSection(SolutionProperties) = preSolution
		HideSolutionNode = FALSE
	EndGlobalSection
	GlobalSection(ExtensibilityGlobals) = postSolution
		SolutionGuid = {9CDD4FE8-CDDE-4373-A64B-6CFD7CC92CF6}
	EndGlobalSection
EndGlobal
